PODS:
  - Alamofire (5.5.0)
  - Kingfisher (7.2.1)
  - "NSObject+Rx (5.2.2)":
    - RxSwift (~> 6.2)
  - ObjectMapper (4.2.0)
  - Realm (10.25.1):
    - Realm/Headers (= 10.25.1)
  - Realm/Headers (10.25.1)
  - RealmSwift (10.25.1):
    - Realm (= 10.25.1)
  - Reusable (4.1.2):
    - Reusable/Storyboard (= 4.1.2)
    - Reusable/View (= 4.1.2)
  - Reusable/Storyboard (4.1.2)
  - Reusable/View (4.1.2)
  - RxCocoa (6.5.0):
    - RxRelay (= 6.5.0)
    - RxSwift (= 6.5.0)
  - RxRealm (5.0.4):
    - Realm (~> 10.21)
    - RealmSwift (~> 10.21)
    - RxCocoa (~> 6.1)
    - RxSwift (~> 6.1)
  - RxRelay (6.5.0):
    - RxSwift (= 6.5.0)
  - RxSwift (6.5.0)
  - RxSwiftExt (6.0.1):
    - RxSwiftExt/Core (= 6.0.1)
    - RxSwiftExt/RxCocoa (= 6.0.1)
  - RxSwiftExt/Core (6.0.1):
    - RxSwift (~> 6.0)
  - RxSwiftExt/RxCocoa (6.0.1):
    - RxCocoa (~> 6.0)
    - RxSwiftExt/Core
  - SnapKit (5.6.0)

DEPENDENCIES:
  - Alamofire
  - Kingfisher (~> 7.0)
  - "NSObject+Rx"
  - ObjectMapper
  - RealmSwift (~> 10)
  - Reusable
  - RxCocoa
  - RxRealm
  - RxSwift
  - RxSwiftExt
  - SnapKit (~> 5.6.0)

SPEC REPOS:
  trunk:
    - Alamofire
    - Kingfisher
    - "NSObject+Rx"
    - ObjectMapper
    - Realm
    - RealmSwift
    - Reusable
    - RxCocoa
    - RxRealm
    - RxRelay
    - RxSwift
    - RxSwiftExt
    - SnapKit

SPEC CHECKSUMS:
  Alamofire: 1c4fb5369c3fe93d2857c780d8bbe09f06f97e7c
  Kingfisher: 7c084bebf7d548c623ad41bcf765fb200efed369
  "NSObject+Rx": 61cf1f7306a73dcef8b36649198af0813ec18dfd
  ObjectMapper: 1eb41f610210777375fa806bf161dc39fb832b81
  Realm: 1a6e9b4f6983711655d8c0bcb6d2d29c3afbb1f3
  RealmSwift: e72669550d27082aa4fad5d176f5076cfe806245
  Reusable: 6bae6a5e8aa793c9c441db0213c863a64bce9136
  RxCocoa: 94f817b71c07517321eb4f9ad299112ca8af743b
  RxRealm: 666c8785327fe2fff972a3093b35dc7055c1ca38
  RxRelay: 1de1523e604c72b6c68feadedd1af3b1b4d0ecbd
  RxSwift: 5710a9e6b17f3c3d6e40d6e559b9fa1e813b2ef8
  RxSwiftExt: d61c4b9b06e0a448041b1c659e0f1b5c5a035afc
  SnapKit: e01d52ebb8ddbc333eefe2132acf85c8227d9c25

PODFILE CHECKSUM: fd726a831dfd990b2145541a7941814d4aa1ecf4

COCOAPODS: 1.11.2
