// !$*UTF8*$!
{
	archiveVersion = 1;
	classes = {
	};
	objectVersion = 55;
	objects = {

/* Begin PBXBuildFile section */
		76420257AEDD0FB942D0ECFA /* Pods_TvMazeApp.framework in Frameworks */ = {isa = PBXBuildFile; fileRef = 5F1BA76E345C3B6CE5B415AD /* Pods_TvMazeApp.framework */; };
		D80DFEA02810D300001751CC /* ShowsViewController.swift in Sources */ = {isa = PBXBuildFile; fileRef = D80DFE9F2810D300001751CC /* ShowsViewController.swift */; };
		D80DFEA22810D3C8001751CC /* ShowsViewModel.swift in Sources */ = {isa = PBXBuildFile; fileRef = D80DFEA12810D3C8001751CC /* ShowsViewModel.swift */; };
		D80DFEA62810D896001751CC /* Show.swift in Sources */ = {isa = PBXBuildFile; fileRef = D80DFEA52810D896001751CC /* Show.swift */; };
		D80DFEAA2810DBDF001751CC /* Server.swift in Sources */ = {isa = PBXBuildFile; fileRef = D80DFEA92810DBDF001751CC /* Server.swift */; };
		D80DFEAD2810DD32001751CC /* ShowRouter.swift in Sources */ = {isa = PBXBuildFile; fileRef = D80DFEAC2810DD32001751CC /* ShowRouter.swift */; };
		D80DFEAF2810DF96001751CC /* APPError.swift in Sources */ = {isa = PBXBuildFile; fileRef = D80DFEAE2810DF96001751CC /* APPError.swift */; };
		D80DFEB32810E1AE001751CC /* DBManager.swift in Sources */ = {isa = PBXBuildFile; fileRef = D80DFEB22810E1AE001751CC /* DBManager.swift */; };
		D80DFEB62810E74A001751CC /* ShowDataModel.swift in Sources */ = {isa = PBXBuildFile; fileRef = D80DFEB52810E74A001751CC /* ShowDataModel.swift */; };
		D80DFEB82810E7FE001751CC /* API.swift in Sources */ = {isa = PBXBuildFile; fileRef = D80DFEB72810E7FE001751CC /* API.swift */; };
		D80DFF362810EF3B001751CC /* ShowTableViewCell.swift in Sources */ = {isa = PBXBuildFile; fileRef = D80DFF352810EF3B001751CC /* ShowTableViewCell.swift */; };
		D80DFFB32810F19A001751CC /* Fonts.swift in Sources */ = {isa = PBXBuildFile; fileRef = D80DFFB22810F19A001751CC /* Fonts.swift */; };
		D858202C2810C62400B62B44 /* AppDelegate.swift in Sources */ = {isa = PBXBuildFile; fileRef = D858202B2810C62400B62B44 /* AppDelegate.swift */; };
		D858202E2810C62400B62B44 /* SceneDelegate.swift in Sources */ = {isa = PBXBuildFile; fileRef = D858202D2810C62400B62B44 /* SceneDelegate.swift */; };
		D85820302810C62400B62B44 /* TabViewController.swift in Sources */ = {isa = PBXBuildFile; fileRef = D858202F2810C62400B62B44 /* TabViewController.swift */; };
		D85820332810C62400B62B44 /* Main.storyboard in Resources */ = {isa = PBXBuildFile; fileRef = D85820312810C62400B62B44 /* Main.storyboard */; };
		D85820352810C62600B62B44 /* Assets.xcassets in Resources */ = {isa = PBXBuildFile; fileRef = D85820342810C62600B62B44 /* Assets.xcassets */; };
		D85820382810C62600B62B44 /* LaunchScreen.storyboard in Resources */ = {isa = PBXBuildFile; fileRef = D85820362810C62600B62B44 /* LaunchScreen.storyboard */; };
		D89A32392811932E00DA8256 /* UIViewController+.swift in Sources */ = {isa = PBXBuildFile; fileRef = D89A32382811932E00DA8256 /* UIViewController+.swift */; };
		D89A323B2811939800DA8256 /* Optional+.swift in Sources */ = {isa = PBXBuildFile; fileRef = D89A323A2811939800DA8256 /* Optional+.swift */; };
		D89A32B92811B10F00DA8256 /* ShowDetailViewController.swift in Sources */ = {isa = PBXBuildFile; fileRef = D89A32B72811B10F00DA8256 /* ShowDetailViewController.swift */; };
		D89A32BA2811B10F00DA8256 /* ShowDetailViewController.xib in Resources */ = {isa = PBXBuildFile; fileRef = D89A32B82811B10F00DA8256 /* ShowDetailViewController.xib */; };
		D89A32DA2811C66F00DA8256 /* String+.swift in Sources */ = {isa = PBXBuildFile; fileRef = D89A32D92811C66F00DA8256 /* String+.swift */; };
		D89A32DC2811C72100DA8256 /* Rx+Operators.swift in Sources */ = {isa = PBXBuildFile; fileRef = D89A32DB2811C72100DA8256 /* Rx+Operators.swift */; };
		D89A32F62811D7D600DA8256 /* UIColor+.swift in Sources */ = {isa = PBXBuildFile; fileRef = D89A32F52811D7D600DA8256 /* UIColor+.swift */; };
/* End PBXBuildFile section */

/* Begin PBXFileReference section */
		2F72D5F13D435F139CD5F2F9 /* Pods-TvMazeApp.release.xcconfig */ = {isa = PBXFileReference; includeInIndex = 1; lastKnownFileType = text.xcconfig; name = "Pods-TvMazeApp.release.xcconfig"; path = "Target Support Files/Pods-TvMazeApp/Pods-TvMazeApp.release.xcconfig"; sourceTree = "<group>"; };
		5F1BA76E345C3B6CE5B415AD /* Pods_TvMazeApp.framework */ = {isa = PBXFileReference; explicitFileType = wrapper.framework; includeInIndex = 0; path = Pods_TvMazeApp.framework; sourceTree = BUILT_PRODUCTS_DIR; };
		D80DFE9F2810D300001751CC /* ShowsViewController.swift */ = {isa = PBXFileReference; lastKnownFileType = sourcecode.swift; path = ShowsViewController.swift; sourceTree = "<group>"; };
		D80DFEA12810D3C8001751CC /* ShowsViewModel.swift */ = {isa = PBXFileReference; lastKnownFileType = sourcecode.swift; path = ShowsViewModel.swift; sourceTree = "<group>"; };
		D80DFEA52810D896001751CC /* Show.swift */ = {isa = PBXFileReference; lastKnownFileType = sourcecode.swift; path = Show.swift; sourceTree = "<group>"; };
		D80DFEA92810DBDF001751CC /* Server.swift */ = {isa = PBXFileReference; lastKnownFileType = sourcecode.swift; path = Server.swift; sourceTree = "<group>"; };
		D80DFEAC2810DD32001751CC /* ShowRouter.swift */ = {isa = PBXFileReference; lastKnownFileType = sourcecode.swift; path = ShowRouter.swift; sourceTree = "<group>"; };
		D80DFEAE2810DF96001751CC /* APPError.swift */ = {isa = PBXFileReference; lastKnownFileType = sourcecode.swift; path = APPError.swift; sourceTree = "<group>"; };
		D80DFEB22810E1AE001751CC /* DBManager.swift */ = {isa = PBXFileReference; lastKnownFileType = sourcecode.swift; path = DBManager.swift; sourceTree = "<group>"; };
		D80DFEB52810E74A001751CC /* ShowDataModel.swift */ = {isa = PBXFileReference; lastKnownFileType = sourcecode.swift; path = ShowDataModel.swift; sourceTree = "<group>"; };
		D80DFEB72810E7FE001751CC /* API.swift */ = {isa = PBXFileReference; lastKnownFileType = sourcecode.swift; path = API.swift; sourceTree = "<group>"; };
		D80DFF352810EF3B001751CC /* ShowTableViewCell.swift */ = {isa = PBXFileReference; lastKnownFileType = sourcecode.swift; path = ShowTableViewCell.swift; sourceTree = "<group>"; };
		D80DFFB22810F19A001751CC /* Fonts.swift */ = {isa = PBXFileReference; lastKnownFileType = sourcecode.swift; path = Fonts.swift; sourceTree = "<group>"; };
		D85820282810C62400B62B44 /* TvMazeApp.app */ = {isa = PBXFileReference; explicitFileType = wrapper.application; includeInIndex = 0; path = TvMazeApp.app; sourceTree = BUILT_PRODUCTS_DIR; };
		D858202B2810C62400B62B44 /* AppDelegate.swift */ = {isa = PBXFileReference; lastKnownFileType = sourcecode.swift; path = AppDelegate.swift; sourceTree = "<group>"; };
		D858202D2810C62400B62B44 /* SceneDelegate.swift */ = {isa = PBXFileReference; lastKnownFileType = sourcecode.swift; path = SceneDelegate.swift; sourceTree = "<group>"; };
		D858202F2810C62400B62B44 /* TabViewController.swift */ = {isa = PBXFileReference; lastKnownFileType = sourcecode.swift; path = TabViewController.swift; sourceTree = "<group>"; };
		D85820322810C62400B62B44 /* Base */ = {isa = PBXFileReference; lastKnownFileType = file.storyboard; name = Base; path = Base.lproj/Main.storyboard; sourceTree = "<group>"; };
		D85820342810C62600B62B44 /* Assets.xcassets */ = {isa = PBXFileReference; lastKnownFileType = folder.assetcatalog; path = Assets.xcassets; sourceTree = "<group>"; };
		D85820372810C62600B62B44 /* Base */ = {isa = PBXFileReference; lastKnownFileType = file.storyboard; name = Base; path = Base.lproj/LaunchScreen.storyboard; sourceTree = "<group>"; };
		D85820392810C62600B62B44 /* Info.plist */ = {isa = PBXFileReference; lastKnownFileType = text.plist.xml; path = Info.plist; sourceTree = "<group>"; };
		D89A32382811932E00DA8256 /* UIViewController+.swift */ = {isa = PBXFileReference; lastKnownFileType = sourcecode.swift; path = "UIViewController+.swift"; sourceTree = "<group>"; };
		D89A323A2811939800DA8256 /* Optional+.swift */ = {isa = PBXFileReference; lastKnownFileType = sourcecode.swift; path = "Optional+.swift"; sourceTree = "<group>"; };
		D89A32B72811B10F00DA8256 /* ShowDetailViewController.swift */ = {isa = PBXFileReference; lastKnownFileType = sourcecode.swift; path = ShowDetailViewController.swift; sourceTree = "<group>"; };
		D89A32B82811B10F00DA8256 /* ShowDetailViewController.xib */ = {isa = PBXFileReference; lastKnownFileType = file.xib; path = ShowDetailViewController.xib; sourceTree = "<group>"; };
		D89A32D92811C66F00DA8256 /* String+.swift */ = {isa = PBXFileReference; lastKnownFileType = sourcecode.swift; path = "String+.swift"; sourceTree = "<group>"; };
		D89A32DB2811C72100DA8256 /* Rx+Operators.swift */ = {isa = PBXFileReference; lastKnownFileType = sourcecode.swift; path = "Rx+Operators.swift"; sourceTree = "<group>"; };
		D89A32F52811D7D600DA8256 /* UIColor+.swift */ = {isa = PBXFileReference; lastKnownFileType = sourcecode.swift; path = "UIColor+.swift"; sourceTree = "<group>"; };
		DAC29F7A1D34A7E026D3E58F /* Pods-TvMazeApp.debug.xcconfig */ = {isa = PBXFileReference; includeInIndex = 1; lastKnownFileType = text.xcconfig; name = "Pods-TvMazeApp.debug.xcconfig"; path = "Target Support Files/Pods-TvMazeApp/Pods-TvMazeApp.debug.xcconfig"; sourceTree = "<group>"; };
/* End PBXFileReference section */

/* Begin PBXFrameworksBuildPhase section */
		D85820252810C62400B62B44 /* Frameworks */ = {
			isa = PBXFrameworksBuildPhase;
			buildActionMask = 2147483647;
			files = (
				76420257AEDD0FB942D0ECFA /* Pods_TvMazeApp.framework in Frameworks */,
			);
			runOnlyForDeploymentPostprocessing = 0;
		};
/* End PBXFrameworksBuildPhase section */

/* Begin PBXGroup section */
		2F0AA0626C361AB8C9AD23DE /* Frameworks */ = {
			isa = PBXGroup;
			children = (
				5F1BA76E345C3B6CE5B415AD /* Pods_TvMazeApp.framework */,
			);
			name = Frameworks;
			sourceTree = "<group>";
		};
		4B950A197095447BBE8B3B65 /* Pods */ = {
			isa = PBXGroup;
			children = (
				DAC29F7A1D34A7E026D3E58F /* Pods-TvMazeApp.debug.xcconfig */,
				2F72D5F13D435F139CD5F2F9 /* Pods-TvMazeApp.release.xcconfig */,
			);
			path = Pods;
			sourceTree = "<group>";
		};
		D80DFE9C2810D2B3001751CC /* UI */ = {
			isa = PBXGroup;
			children = (
				D80DFE9D2810D2B9001751CC /* Controllers */,
				D85820362810C62600B62B44 /* LaunchScreen.storyboard */,
				D85820312810C62400B62B44 /* Main.storyboard */,
			);
			path = UI;
			sourceTree = "<group>";
		};
		D80DFE9D2810D2B9001751CC /* Controllers */ = {
			isa = PBXGroup;
			children = (
				D89A32B62811B0DA00DA8256 /* ShowDetail */,
				D858202F2810C62400B62B44 /* TabViewController.swift */,
				D80DFF332810EF13001751CC /* ShowsFeed */,
			);
			path = Controllers;
			sourceTree = "<group>";
		};
		D80DFE9E2810D2C2001751CC /* ViewModels */ = {
			isa = PBXGroup;
			children = (
				D80DFEA12810D3C8001751CC /* ShowsViewModel.swift */,
			);
			path = ViewModels;
			sourceTree = "<group>";
		};
		D80DFEA32810D87E001751CC /* Models */ = {
			isa = PBXGroup;
			children = (
				D80DFEA52810D896001751CC /* Show.swift */,
			);
			path = Models;
			sourceTree = "<group>";
		};
		D80DFEA72810DBB7001751CC /* Network */ = {
			isa = PBXGroup;
			children = (
				D80DFEB42810E728001751CC /* DataModel */,
				D80DFEAB2810DD17001751CC /* Routers */,
				D80DFEA82810DBD2001751CC /* Server */,
			);
			path = Network;
			sourceTree = "<group>";
		};
		D80DFEA82810DBD2001751CC /* Server */ = {
			isa = PBXGroup;
			children = (
				D80DFEB72810E7FE001751CC /* API.swift */,
				D80DFEAE2810DF96001751CC /* APPError.swift */,
				D80DFEA92810DBDF001751CC /* Server.swift */,
			);
			path = Server;
			sourceTree = "<group>";
		};
		D80DFEAB2810DD17001751CC /* Routers */ = {
			isa = PBXGroup;
			children = (
				D80DFEAC2810DD32001751CC /* ShowRouter.swift */,
			);
			path = Routers;
			sourceTree = "<group>";
		};
		D80DFEB02810E183001751CC /* Resources */ = {
			isa = PBXGroup;
			children = (
				D89A32372811931A00DA8256 /* Extensions */,
				D858202B2810C62400B62B44 /* AppDelegate.swift */,
				D85820342810C62600B62B44 /* Assets.xcassets */,
				D80DFFB22810F19A001751CC /* Fonts.swift */,
				D85820392810C62600B62B44 /* Info.plist */,
				D858202D2810C62400B62B44 /* SceneDelegate.swift */,
			);
			path = Resources;
			sourceTree = "<group>";
		};
		D80DFEB12810E1A2001751CC /* Managers */ = {
			isa = PBXGroup;
			children = (
				D80DFEB22810E1AE001751CC /* DBManager.swift */,
			);
			path = Managers;
			sourceTree = "<group>";
		};
		D80DFEB42810E728001751CC /* DataModel */ = {
			isa = PBXGroup;
			children = (
				D80DFEB52810E74A001751CC /* ShowDataModel.swift */,
			);
			path = DataModel;
			sourceTree = "<group>";
		};
		D80DFF332810EF13001751CC /* ShowsFeed */ = {
			isa = PBXGroup;
			children = (
				D80DFF342810EF1E001751CC /* Cells */,
				D80DFE9F2810D300001751CC /* ShowsViewController.swift */,
			);
			path = ShowsFeed;
			sourceTree = "<group>";
		};
		D80DFF342810EF1E001751CC /* Cells */ = {
			isa = PBXGroup;
			children = (
				D80DFF352810EF3B001751CC /* ShowTableViewCell.swift */,
			);
			path = Cells;
			sourceTree = "<group>";
		};
		D858201F2810C62400B62B44 = {
			isa = PBXGroup;
			children = (
				D858202A2810C62400B62B44 /* TvMazeApp */,
				D85820292810C62400B62B44 /* Products */,
				4B950A197095447BBE8B3B65 /* Pods */,
				2F0AA0626C361AB8C9AD23DE /* Frameworks */,
			);
			sourceTree = "<group>";
		};
		D85820292810C62400B62B44 /* Products */ = {
			isa = PBXGroup;
			children = (
				D85820282810C62400B62B44 /* TvMazeApp.app */,
			);
			name = Products;
			sourceTree = "<group>";
		};
		D858202A2810C62400B62B44 /* TvMazeApp */ = {
			isa = PBXGroup;
			children = (
				D80DFEB12810E1A2001751CC /* Managers */,
				D80DFEA32810D87E001751CC /* Models */,
				D80DFEA72810DBB7001751CC /* Network */,
				D80DFEB02810E183001751CC /* Resources */,
				D80DFE9C2810D2B3001751CC /* UI */,
				D80DFE9E2810D2C2001751CC /* ViewModels */,
			);
			path = TvMazeApp;
			sourceTree = "<group>";
		};
		D89A32372811931A00DA8256 /* Extensions */ = {
			isa = PBXGroup;
			children = (
				D89A32382811932E00DA8256 /* UIViewController+.swift */,
				D89A323A2811939800DA8256 /* Optional+.swift */,
				D89A32D92811C66F00DA8256 /* String+.swift */,
				D89A32DB2811C72100DA8256 /* Rx+Operators.swift */,
				D89A32F52811D7D600DA8256 /* UIColor+.swift */,
			);
			path = Extensions;
			sourceTree = "<group>";
		};
		D89A32B62811B0DA00DA8256 /* ShowDetail */ = {
			isa = PBXGroup;
			children = (
				D89A32B72811B10F00DA8256 /* ShowDetailViewController.swift */,
				D89A32B82811B10F00DA8256 /* ShowDetailViewController.xib */,
			);
			path = ShowDetail;
			sourceTree = "<group>";
		};
/* End PBXGroup section */

/* Begin PBXNativeTarget section */
		D85820272810C62400B62B44 /* TvMazeApp */ = {
			isa = PBXNativeTarget;
			buildConfigurationList = D858203C2810C62600B62B44 /* Build configuration list for PBXNativeTarget "TvMazeApp" */;
			buildPhases = (
				B3A6B1F475695245FBC03646 /* [CP] Check Pods Manifest.lock */,
				D85820242810C62400B62B44 /* Sources */,
				D85820252810C62400B62B44 /* Frameworks */,
				D85820262810C62400B62B44 /* Resources */,
				0692BC8E4BFA8F49A293EFED /* [CP] Embed Pods Frameworks */,
			);
			buildRules = (
			);
			dependencies = (
			);
			name = TvMazeApp;
			productName = TvMazeApp;
			productReference = D85820282810C62400B62B44 /* TvMazeApp.app */;
			productType = "com.apple.product-type.application";
		};
/* End PBXNativeTarget section */

/* Begin PBXProject section */
		D85820202810C62400B62B44 /* Project object */ = {
			isa = PBXProject;
			attributes = {
				BuildIndependentTargetsInParallel = 1;
				LastSwiftUpdateCheck = 1330;
				LastUpgradeCheck = 1330;
				TargetAttributes = {
					D85820272810C62400B62B44 = {
						CreatedOnToolsVersion = 13.3.1;
					};
				};
			};
			buildConfigurationList = D85820232810C62400B62B44 /* Build configuration list for PBXProject "TvMazeApp" */;
			compatibilityVersion = "Xcode 13.0";
			developmentRegion = en;
			hasScannedForEncodings = 0;
			knownRegions = (
				en,
				Base,
			);
			mainGroup = D858201F2810C62400B62B44;
			productRefGroup = D85820292810C62400B62B44 /* Products */;
			projectDirPath = "";
			projectRoot = "";
			targets = (
				D85820272810C62400B62B44 /* TvMazeApp */,
			);
		};
/* End PBXProject section */

/* Begin PBXResourcesBuildPhase section */
		D85820262810C62400B62B44 /* Resources */ = {
			isa = PBXResourcesBuildPhase;
			buildActionMask = 2147483647;
			files = (
				D89A32BA2811B10F00DA8256 /* ShowDetailViewController.xib in Resources */,
				D85820382810C62600B62B44 /* LaunchScreen.storyboard in Resources */,
				D85820352810C62600B62B44 /* Assets.xcassets in Resources */,
				D85820332810C62400B62B44 /* Main.storyboard in Resources */,
			);
			runOnlyForDeploymentPostprocessing = 0;
		};
/* End PBXResourcesBuildPhase section */

/* Begin PBXShellScriptBuildPhase section */
		0692BC8E4BFA8F49A293EFED /* [CP] Embed Pods Frameworks */ = {
			isa = PBXShellScriptBuildPhase;
			buildActionMask = 2147483647;
			files = (
			);
			inputFileListPaths = (
				"${PODS_ROOT}/Target Support Files/Pods-TvMazeApp/Pods-TvMazeApp-frameworks-${CONFIGURATION}-input-files.xcfilelist",
			);
			name = "[CP] Embed Pods Frameworks";
			outputFileListPaths = (
				"${PODS_ROOT}/Target Support Files/Pods-TvMazeApp/Pods-TvMazeApp-frameworks-${CONFIGURATION}-output-files.xcfilelist",
			);
			runOnlyForDeploymentPostprocessing = 0;
			shellPath = /bin/sh;
			shellScript = "\"${PODS_ROOT}/Target Support Files/Pods-TvMazeApp/Pods-TvMazeApp-frameworks.sh\"\n";
			showEnvVarsInLog = 0;
		};
		B3A6B1F475695245FBC03646 /* [CP] Check Pods Manifest.lock */ = {
			isa = PBXShellScriptBuildPhase;
			buildActionMask = 2147483647;
			files = (
			);
			inputFileListPaths = (
			);
			inputPaths = (
				"${PODS_PODFILE_DIR_PATH}/Podfile.lock",
				"${PODS_ROOT}/Manifest.lock",
			);
			name = "[CP] Check Pods Manifest.lock";
			outputFileListPaths = (
			);
			outputPaths = (
				"$(DERIVED_FILE_DIR)/Pods-TvMazeApp-checkManifestLockResult.txt",
			);
			runOnlyForDeploymentPostprocessing = 0;
			shellPath = /bin/sh;
			shellScript = "diff \"${PODS_PODFILE_DIR_PATH}/Podfile.lock\" \"${PODS_ROOT}/Manifest.lock\" > /dev/null\nif [ $? != 0 ] ; then\n    # print error to STDERR\n    echo \"error: The sandbox is not in sync with the Podfile.lock. Run 'pod install' or update your CocoaPods installation.\" >&2\n    exit 1\nfi\n# This output is used by Xcode 'outputs' to avoid re-running this script phase.\necho \"SUCCESS\" > \"${SCRIPT_OUTPUT_FILE_0}\"\n";
			showEnvVarsInLog = 0;
		};
/* End PBXShellScriptBuildPhase section */

/* Begin PBXSourcesBuildPhase section */
		D85820242810C62400B62B44 /* Sources */ = {
			isa = PBXSourcesBuildPhase;
			buildActionMask = 2147483647;
			files = (
				D80DFFB32810F19A001751CC /* Fonts.swift in Sources */,
				D80DFEAA2810DBDF001751CC /* Server.swift in Sources */,
				D89A32392811932E00DA8256 /* UIViewController+.swift in Sources */,
				D80DFEA62810D896001751CC /* Show.swift in Sources */,
				D85820302810C62400B62B44 /* TabViewController.swift in Sources */,
				D858202C2810C62400B62B44 /* AppDelegate.swift in Sources */,
				D80DFF362810EF3B001751CC /* ShowTableViewCell.swift in Sources */,
				D858202E2810C62400B62B44 /* SceneDelegate.swift in Sources */,
				D80DFEB62810E74A001751CC /* ShowDataModel.swift in Sources */,
				D89A32F62811D7D600DA8256 /* UIColor+.swift in Sources */,
				D80DFEB32810E1AE001751CC /* DBManager.swift in Sources */,
				D89A32DA2811C66F00DA8256 /* String+.swift in Sources */,
				D89A32B92811B10F00DA8256 /* ShowDetailViewController.swift in Sources */,
				D80DFEAD2810DD32001751CC /* ShowRouter.swift in Sources */,
				D89A323B2811939800DA8256 /* Optional+.swift in Sources */,
				D89A32DC2811C72100DA8256 /* Rx+Operators.swift in Sources */,
				D80DFEA22810D3C8001751CC /* ShowsViewModel.swift in Sources */,
				D80DFEA02810D300001751CC /* ShowsViewController.swift in Sources */,
				D80DFEB82810E7FE001751CC /* API.swift in Sources */,
				D80DFEAF2810DF96001751CC /* APPError.swift in Sources */,
			);
			runOnlyForDeploymentPostprocessing = 0;
		};
/* End PBXSourcesBuildPhase section */

/* Begin PBXVariantGroup section */
		D85820312810C62400B62B44 /* Main.storyboard */ = {
			isa = PBXVariantGroup;
			children = (
				D85820322810C62400B62B44 /* Base */,
			);
			name = Main.storyboard;
			sourceTree = "<group>";
		};
		D85820362810C62600B62B44 /* LaunchScreen.storyboard */ = {
			isa = PBXVariantGroup;
			children = (
				D85820372810C62600B62B44 /* Base */,
			);
			name = LaunchScreen.storyboard;
			sourceTree = "<group>";
		};
/* End PBXVariantGroup section */

/* Begin XCBuildConfiguration section */
		D858203A2810C62600B62B44 /* Debug */ = {
			isa = XCBuildConfiguration;
			buildSettings = {
				ALWAYS_SEARCH_USER_PATHS = NO;
				CLANG_ANALYZER_NONNULL = YES;
				CLANG_ANALYZER_NUMBER_OBJECT_CONVERSION = YES_AGGRESSIVE;
				CLANG_CXX_LANGUAGE_STANDARD = "gnu++17";
				CLANG_ENABLE_MODULES = YES;
				CLANG_ENABLE_OBJC_ARC = YES;
				CLANG_ENABLE_OBJC_WEAK = YES;
				CLANG_WARN_BLOCK_CAPTURE_AUTORELEASING = YES;
				CLANG_WARN_BOOL_CONVERSION = YES;
				CLANG_WARN_COMMA = YES;
				CLANG_WARN_CONSTANT_CONVERSION = YES;
				CLANG_WARN_DEPRECATED_OBJC_IMPLEMENTATIONS = YES;
				CLANG_WARN_DIRECT_OBJC_ISA_USAGE = YES_ERROR;
				CLANG_WARN_DOCUMENTATION_COMMENTS = YES;
				CLANG_WARN_EMPTY_BODY = YES;
				CLANG_WARN_ENUM_CONVERSION = YES;
				CLANG_WARN_INFINITE_RECURSION = YES;
				CLANG_WARN_INT_CONVERSION = YES;
				CLANG_WARN_NON_LITERAL_NULL_CONVERSION = YES;
				CLANG_WARN_OBJC_IMPLICIT_RETAIN_SELF = YES;
				CLANG_WARN_OBJC_LITERAL_CONVERSION = YES;
				CLANG_WARN_OBJC_ROOT_CLASS = YES_ERROR;
				CLANG_WARN_QUOTED_INCLUDE_IN_FRAMEWORK_HEADER = YES;
				CLANG_WARN_RANGE_LOOP_ANALYSIS = YES;
				CLANG_WARN_STRICT_PROTOTYPES = YES;
				CLANG_WARN_SUSPICIOUS_MOVE = YES;
				CLANG_WARN_UNGUARDED_AVAILABILITY = YES_AGGRESSIVE;
				CLANG_WARN_UNREACHABLE_CODE = YES;
				CLANG_WARN__DUPLICATE_METHOD_MATCH = YES;
				COPY_PHASE_STRIP = NO;
				DEBUG_INFORMATION_FORMAT = dwarf;
				ENABLE_STRICT_OBJC_MSGSEND = YES;
				ENABLE_TESTABILITY = YES;
				GCC_C_LANGUAGE_STANDARD = gnu11;
				GCC_DYNAMIC_NO_PIC = NO;
				GCC_NO_COMMON_BLOCKS = YES;
				GCC_OPTIMIZATION_LEVEL = 0;
				GCC_PREPROCESSOR_DEFINITIONS = (
					"DEBUG=1",
					"$(inherited)",
				);
				GCC_WARN_64_TO_32_BIT_CONVERSION = YES;
				GCC_WARN_ABOUT_RETURN_TYPE = YES_ERROR;
				GCC_WARN_UNDECLARED_SELECTOR = YES;
				GCC_WARN_UNINITIALIZED_AUTOS = YES_AGGRESSIVE;
				GCC_WARN_UNUSED_FUNCTION = YES;
				GCC_WARN_UNUSED_VARIABLE = YES;
				IPHONEOS_DEPLOYMENT_TARGET = 15.4;
				MTL_ENABLE_DEBUG_INFO = INCLUDE_SOURCE;
				MTL_FAST_MATH = YES;
				ONLY_ACTIVE_ARCH = YES;
				SDKROOT = iphoneos;
				SWIFT_ACTIVE_COMPILATION_CONDITIONS = DEBUG;
				SWIFT_OPTIMIZATION_LEVEL = "-Onone";
			};
			name = Debug;
		};
		D858203B2810C62600B62B44 /* Release */ = {
			isa = XCBuildConfiguration;
			buildSettings = {
				ALWAYS_SEARCH_USER_PATHS = NO;
				CLANG_ANALYZER_NONNULL = YES;
				CLANG_ANALYZER_NUMBER_OBJECT_CONVERSION = YES_AGGRESSIVE;
				CLANG_CXX_LANGUAGE_STANDARD = "gnu++17";
				CLANG_ENABLE_MODULES = YES;
				CLANG_ENABLE_OBJC_ARC = YES;
				CLANG_ENABLE_OBJC_WEAK = YES;
				CLANG_WARN_BLOCK_CAPTURE_AUTORELEASING = YES;
				CLANG_WARN_BOOL_CONVERSION = YES;
				CLANG_WARN_COMMA = YES;
				CLANG_WARN_CONSTANT_CONVERSION = YES;
				CLANG_WARN_DEPRECATED_OBJC_IMPLEMENTATIONS = YES;
				CLANG_WARN_DIRECT_OBJC_ISA_USAGE = YES_ERROR;
				CLANG_WARN_DOCUMENTATION_COMMENTS = YES;
				CLANG_WARN_EMPTY_BODY = YES;
				CLANG_WARN_ENUM_CONVERSION = YES;
				CLANG_WARN_INFINITE_RECURSION = YES;
				CLANG_WARN_INT_CONVERSION = YES;
				CLANG_WARN_NON_LITERAL_NULL_CONVERSION = YES;
				CLANG_WARN_OBJC_IMPLICIT_RETAIN_SELF = YES;
				CLANG_WARN_OBJC_LITERAL_CONVERSION = YES;
				CLANG_WARN_OBJC_ROOT_CLASS = YES_ERROR;
				CLANG_WARN_QUOTED_INCLUDE_IN_FRAMEWORK_HEADER = YES;
				CLANG_WARN_RANGE_LOOP_ANALYSIS = YES;
				CLANG_WARN_STRICT_PROTOTYPES = YES;
				CLANG_WARN_SUSPICIOUS_MOVE = YES;
				CLANG_WARN_UNGUARDED_AVAILABILITY = YES_AGGRESSIVE;
				CLANG_WARN_UNREACHABLE_CODE = YES;
				CLANG_WARN__DUPLICATE_METHOD_MATCH = YES;
				COPY_PHASE_STRIP = NO;
				DEBUG_INFORMATION_FORMAT = "dwarf-with-dsym";
				ENABLE_NS_ASSERTIONS = NO;
				ENABLE_STRICT_OBJC_MSGSEND = YES;
				GCC_C_LANGUAGE_STANDARD = gnu11;
				GCC_NO_COMMON_BLOCKS = YES;
				GCC_WARN_64_TO_32_BIT_CONVERSION = YES;
				GCC_WARN_ABOUT_RETURN_TYPE = YES_ERROR;
				GCC_WARN_UNDECLARED_SELECTOR = YES;
				GCC_WARN_UNINITIALIZED_AUTOS = YES_AGGRESSIVE;
				GCC_WARN_UNUSED_FUNCTION = YES;
				GCC_WARN_UNUSED_VARIABLE = YES;
				IPHONEOS_DEPLOYMENT_TARGET = 15.4;
				MTL_ENABLE_DEBUG_INFO = NO;
				MTL_FAST_MATH = YES;
				SDKROOT = iphoneos;
				SWIFT_COMPILATION_MODE = wholemodule;
				SWIFT_OPTIMIZATION_LEVEL = "-O";
				VALIDATE_PRODUCT = YES;
			};
			name = Release;
		};
		D858203D2810C62600B62B44 /* Debug */ = {
			isa = XCBuildConfiguration;
			baseConfigurationReference = DAC29F7A1D34A7E026D3E58F /* Pods-TvMazeApp.debug.xcconfig */;
			buildSettings = {
				ASSETCATALOG_COMPILER_APPICON_NAME = AppIcon;
				ASSETCATALOG_COMPILER_GLOBAL_ACCENT_COLOR_NAME = AccentColor;
				CODE_SIGN_STYLE = Automatic;
				CURRENT_PROJECT_VERSION = 1;
				DEVELOPMENT_TEAM = 742AQUF628;
				GENERATE_INFOPLIST_FILE = YES;
				INFOPLIST_FILE = TvMazeApp/Resources/Info.plist;
				INFOPLIST_KEY_UIApplicationSupportsIndirectInputEvents = YES;
				INFOPLIST_KEY_UILaunchStoryboardName = LaunchScreen;
				INFOPLIST_KEY_UIMainStoryboardFile = Main;
				INFOPLIST_KEY_UISupportedInterfaceOrientations_iPad = "UIInterfaceOrientationPortrait UIInterfaceOrientationPortraitUpsideDown UIInterfaceOrientationLandscapeLeft UIInterfaceOrientationLandscapeRight";
				INFOPLIST_KEY_UISupportedInterfaceOrientations_iPhone = "UIInterfaceOrientationPortrait UIInterfaceOrientationLandscapeLeft UIInterfaceOrientationLandscapeRight";
				LD_RUNPATH_SEARCH_PATHS = (
					"$(inherited)",
					"@executable_path/Frameworks",
				);
				MARKETING_VERSION = 1.0;
				PRODUCT_BUNDLE_IDENTIFIER = jguerra.TvMazeApp;
				PRODUCT_NAME = "$(TARGET_NAME)";
				SWIFT_EMIT_LOC_STRINGS = YES;
				SWIFT_VERSION = 5.0;
				TARGETED_DEVICE_FAMILY = "1,2";
			};
			name = Debug;
		};
		D858203E2810C62600B62B44 /* Release */ = {
			isa = XCBuildConfiguration;
			baseConfigurationReference = 2F72D5F13D435F139CD5F2F9 /* Pods-TvMazeApp.release.xcconfig */;
			buildSettings = {
				ASSETCATALOG_COMPILER_APPICON_NAME = AppIcon;
				ASSETCATALOG_COMPILER_GLOBAL_ACCENT_COLOR_NAME = AccentColor;
				CODE_SIGN_STYLE = Automatic;
				CURRENT_PROJECT_VERSION = 1;
				DEVELOPMENT_TEAM = 742AQUF628;
				GENERATE_INFOPLIST_FILE = YES;
				INFOPLIST_FILE = TvMazeApp/Resources/Info.plist;
				INFOPLIST_KEY_UIApplicationSupportsIndirectInputEvents = YES;
				INFOPLIST_KEY_UILaunchStoryboardName = LaunchScreen;
				INFOPLIST_KEY_UIMainStoryboardFile = Main;
				INFOPLIST_KEY_UISupportedInterfaceOrientations_iPad = "UIInterfaceOrientationPortrait UIInterfaceOrientationPortraitUpsideDown UIInterfaceOrientationLandscapeLeft UIInterfaceOrientationLandscapeRight";
				INFOPLIST_KEY_UISupportedInterfaceOrientations_iPhone = "UIInterfaceOrientationPortrait UIInterfaceOrientationLandscapeLeft UIInterfaceOrientationLandscapeRight";
				LD_RUNPATH_SEARCH_PATHS = (
					"$(inherited)",
					"@executable_path/Frameworks",
				);
				MARKETING_VERSION = 1.0;
				PRODUCT_BUNDLE_IDENTIFIER = jguerra.TvMazeApp;
				PRODUCT_NAME = "$(TARGET_NAME)";
				SWIFT_EMIT_LOC_STRINGS = YES;
				SWIFT_VERSION = 5.0;
				TARGETED_DEVICE_FAMILY = "1,2";
			};
			name = Release;
		};
/* End XCBuildConfiguration section */

/* Begin XCConfigurationList section */
		D85820232810C62400B62B44 /* Build configuration list for PBXProject "TvMazeApp" */ = {
			isa = XCConfigurationList;
			buildConfigurations = (
				D858203A2810C62600B62B44 /* Debug */,
				D858203B2810C62600B62B44 /* Release */,
			);
			defaultConfigurationIsVisible = 0;
			defaultConfigurationName = Release;
		};
		D858203C2810C62600B62B44 /* Build configuration list for PBXNativeTarget "TvMazeApp" */ = {
			isa = XCConfigurationList;
			buildConfigurations = (
				D858203D2810C62600B62B44 /* Debug */,
				D858203E2810C62600B62B44 /* Release */,
			);
			defaultConfigurationIsVisible = 0;
			defaultConfigurationName = Release;
		};
/* End XCConfigurationList section */
	};
	rootObject = D85820202810C62400B62B44 /* Project object */;
}
